// !$*UTF8*$!
{
	archiveVersion = 1;
	classes = {
	};
	objectVersion = 56;
	objects = {

/* Begin PBXBuildFile section */
		C91BB1442A16BDC000C0B971 /* RideRequestView.swift in Sources */ = {isa = PBXBuildFile; fileRef = C91BB1432A16BDC000C0B971 /* RideRequestView.swift */; };
		C97221BD2A169FD40014EABA /* MapViewState.swift in Sources */ = {isa = PBXBuildFile; fileRef = C97221BC2A169FD40014EABA /* MapViewState.swift */; };
		C9AA5E762A1C113E00824737 /* RideType.swift in Sources */ = {isa = PBXBuildFile; fileRef = C9AA5E752A1C113E00824737 /* RideType.swift */; };
		C9CFFE442A15179E00708A15 /* eUberUIApp.swift in Sources */ = {isa = PBXBuildFile; fileRef = C9CFFE432A15179E00708A15 /* eUberUIApp.swift */; };
		C9CFFE482A1517A200708A15 /* Assets.xcassets in Resources */ = {isa = PBXBuildFile; fileRef = C9CFFE472A1517A200708A15 /* Assets.xcassets */; };
		C9CFFE4B2A1517A200708A15 /* Preview Assets.xcassets in Resources */ = {isa = PBXBuildFile; fileRef = C9CFFE4A2A1517A200708A15 /* Preview Assets.xcassets */; };
		C9CFFE502A1517A200708A15 /* eUberUI.xcdatamodeld in Sources */ = {isa = PBXBuildFile; fileRef = C9CFFE4E2A1517A200708A15 /* eUberUI.xcdatamodeld */; };
		C9CFFE5B2A1517A200708A15 /* eUberUITests.swift in Sources */ = {isa = PBXBuildFile; fileRef = C9CFFE5A2A1517A200708A15 /* eUberUITests.swift */; };
		C9CFFE652A1517A300708A15 /* eUberUIUITests.swift in Sources */ = {isa = PBXBuildFile; fileRef = C9CFFE642A1517A300708A15 /* eUberUIUITests.swift */; };
		C9CFFE672A1517A300708A15 /* eUberUIUITestsLaunchTests.swift in Sources */ = {isa = PBXBuildFile; fileRef = C9CFFE662A1517A300708A15 /* eUberUIUITestsLaunchTests.swift */; };
		C9CFFE7D2A151D2400708A15 /* HomeView.swift in Sources */ = {isa = PBXBuildFile; fileRef = C9CFFE7C2A151D2400708A15 /* HomeView.swift */; };
		C9CFFE7F2A151D9000708A15 /* UberMapViewRepresentable.swift in Sources */ = {isa = PBXBuildFile; fileRef = C9CFFE7E2A151D9000708A15 /* UberMapViewRepresentable.swift */; };
		C9CFFE812A151F7400708A15 /* LocationManager.swift in Sources */ = {isa = PBXBuildFile; fileRef = C9CFFE802A151F7400708A15 /* LocationManager.swift */; };
		C9CFFE872A153D7500708A15 /* LocationSearchActivationView.swift in Sources */ = {isa = PBXBuildFile; fileRef = C9CFFE862A153D7500708A15 /* LocationSearchActivationView.swift */; };
		C9CFFE892A153FA800708A15 /* MapViewActionButton.swift in Sources */ = {isa = PBXBuildFile; fileRef = C9CFFE882A153FA800708A15 /* MapViewActionButton.swift */; };
		C9CFFE8B2A15410900708A15 /* LocationSearchView.swift in Sources */ = {isa = PBXBuildFile; fileRef = C9CFFE8A2A15410900708A15 /* LocationSearchView.swift */; };
		C9CFFE8D2A15447800708A15 /* LocationSearchResultCell.swift in Sources */ = {isa = PBXBuildFile; fileRef = C9CFFE8C2A15447800708A15 /* LocationSearchResultCell.swift */; };
		C9CFFE8F2A154F1900708A15 /* LocationSearchViewModel.swift in Sources */ = {isa = PBXBuildFile; fileRef = C9CFFE8E2A154F1900708A15 /* LocationSearchViewModel.swift */; };
/* End PBXBuildFile section */

/* Begin PBXContainerItemProxy section */
		C9CFFE572A1517A200708A15 /* PBXContainerItemProxy */ = {
			isa = PBXContainerItemProxy;
			containerPortal = C9CFFE382A15179E00708A15 /* Project object */;
			proxyType = 1;
			remoteGlobalIDString = C9CFFE3F2A15179E00708A15;
			remoteInfo = MarvelUI;
		};
		C9CFFE612A1517A300708A15 /* PBXContainerItemProxy */ = {
			isa = PBXContainerItemProxy;
			containerPortal = C9CFFE382A15179E00708A15 /* Project object */;
			proxyType = 1;
			remoteGlobalIDString = C9CFFE3F2A15179E00708A15;
			remoteInfo = MarvelUI;
		};
/* End PBXContainerItemProxy section */

/* Begin PBXFileReference section */
		C91BB1432A16BDC000C0B971 /* RideRequestView.swift */ = {isa = PBXFileReference; lastKnownFileType = sourcecode.swift; path = RideRequestView.swift; sourceTree = "<group>"; };
		C97221BC2A169FD40014EABA /* MapViewState.swift */ = {isa = PBXFileReference; lastKnownFileType = sourcecode.swift; name = MapViewState.swift; path = ../../../../../../../Users/lucashubert/Downloads/MapViewState.swift; sourceTree = "<group>"; };
		C9AA5E752A1C113E00824737 /* RideType.swift */ = {isa = PBXFileReference; lastKnownFileType = sourcecode.swift; name = RideType.swift; path = eUberUI/Core/Trips/View/RideType.swift; sourceTree = SOURCE_ROOT; };
		C9CFFE402A15179E00708A15 /* eUberUI.app */ = {isa = PBXFileReference; explicitFileType = wrapper.application; includeInIndex = 0; path = eUberUI.app; sourceTree = BUILT_PRODUCTS_DIR; };
		C9CFFE432A15179E00708A15 /* eUberUIApp.swift */ = {isa = PBXFileReference; lastKnownFileType = sourcecode.swift; path = eUberUIApp.swift; sourceTree = "<group>"; };
		C9CFFE472A1517A200708A15 /* Assets.xcassets */ = {isa = PBXFileReference; lastKnownFileType = folder.assetcatalog; path = Assets.xcassets; sourceTree = "<group>"; };
		C9CFFE4A2A1517A200708A15 /* Preview Assets.xcassets */ = {isa = PBXFileReference; lastKnownFileType = folder.assetcatalog; path = "Preview Assets.xcassets"; sourceTree = "<group>"; };
		C9CFFE4F2A1517A200708A15 /* MarvelUI.xcdatamodel */ = {isa = PBXFileReference; lastKnownFileType = wrapper.xcdatamodel; path = MarvelUI.xcdatamodel; sourceTree = "<group>"; };
		C9CFFE512A1517A200708A15 /* Info.plist */ = {isa = PBXFileReference; lastKnownFileType = text.plist.xml; path = Info.plist; sourceTree = "<group>"; };
		C9CFFE562A1517A200708A15 /* eUberUITests.xctest */ = {isa = PBXFileReference; explicitFileType = wrapper.cfbundle; includeInIndex = 0; path = eUberUITests.xctest; sourceTree = BUILT_PRODUCTS_DIR; };
		C9CFFE5A2A1517A200708A15 /* eUberUITests.swift */ = {isa = PBXFileReference; lastKnownFileType = sourcecode.swift; path = eUberUITests.swift; sourceTree = "<group>"; };
		C9CFFE602A1517A300708A15 /* eUberUIUITests.xctest */ = {isa = PBXFileReference; explicitFileType = wrapper.cfbundle; includeInIndex = 0; path = eUberUIUITests.xctest; sourceTree = BUILT_PRODUCTS_DIR; };
		C9CFFE642A1517A300708A15 /* eUberUIUITests.swift */ = {isa = PBXFileReference; lastKnownFileType = sourcecode.swift; path = eUberUIUITests.swift; sourceTree = "<group>"; };
		C9CFFE662A1517A300708A15 /* eUberUIUITestsLaunchTests.swift */ = {isa = PBXFileReference; lastKnownFileType = sourcecode.swift; path = eUberUIUITestsLaunchTests.swift; sourceTree = "<group>"; };
		C9CFFE7C2A151D2400708A15 /* HomeView.swift */ = {isa = PBXFileReference; lastKnownFileType = sourcecode.swift; path = HomeView.swift; sourceTree = "<group>"; };
		C9CFFE7E2A151D9000708A15 /* UberMapViewRepresentable.swift */ = {isa = PBXFileReference; lastKnownFileType = sourcecode.swift; path = UberMapViewRepresentable.swift; sourceTree = "<group>"; };
		C9CFFE802A151F7400708A15 /* LocationManager.swift */ = {isa = PBXFileReference; lastKnownFileType = sourcecode.swift; path = LocationManager.swift; sourceTree = "<group>"; };
		C9CFFE862A153D7500708A15 /* LocationSearchActivationView.swift */ = {isa = PBXFileReference; lastKnownFileType = sourcecode.swift; path = LocationSearchActivationView.swift; sourceTree = "<group>"; };
		C9CFFE882A153FA800708A15 /* MapViewActionButton.swift */ = {isa = PBXFileReference; lastKnownFileType = sourcecode.swift; path = MapViewActionButton.swift; sourceTree = "<group>"; };
		C9CFFE8A2A15410900708A15 /* LocationSearchView.swift */ = {isa = PBXFileReference; lastKnownFileType = sourcecode.swift; path = LocationSearchView.swift; sourceTree = "<group>"; };
		C9CFFE8C2A15447800708A15 /* LocationSearchResultCell.swift */ = {isa = PBXFileReference; lastKnownFileType = sourcecode.swift; path = LocationSearchResultCell.swift; sourceTree = "<group>"; };
		C9CFFE8E2A154F1900708A15 /* LocationSearchViewModel.swift */ = {isa = PBXFileReference; lastKnownFileType = sourcecode.swift; path = LocationSearchViewModel.swift; sourceTree = "<group>"; };
/* End PBXFileReference section */

/* Begin PBXFrameworksBuildPhase section */
		C9CFFE3D2A15179E00708A15 /* Frameworks */ = {
			isa = PBXFrameworksBuildPhase;
			buildActionMask = 2147483647;
			files = (
			);
			runOnlyForDeploymentPostprocessing = 0;
		};
		C9CFFE532A1517A200708A15 /* Frameworks */ = {
			isa = PBXFrameworksBuildPhase;
			buildActionMask = 2147483647;
			files = (
			);
			runOnlyForDeploymentPostprocessing = 0;
		};
		C9CFFE5D2A1517A300708A15 /* Frameworks */ = {
			isa = PBXFrameworksBuildPhase;
			buildActionMask = 2147483647;
			files = (
			);
			runOnlyForDeploymentPostprocessing = 0;
		};
/* End PBXFrameworksBuildPhase section */

/* Begin PBXGroup section */
		C91BB1412A16BD9D00C0B971 /* Trips */ = {
			isa = PBXGroup;
			children = (
				C91BB1422A16BDAB00C0B971 /* View */,
			);
			path = Trips;
			sourceTree = "<group>";
		};
		C91BB1422A16BDAB00C0B971 /* View */ = {
			isa = PBXGroup;
			children = (
				C91BB1432A16BDC000C0B971 /* RideRequestView.swift */,
			);
			path = View;
			sourceTree = "<group>";
		};
		C9CFFE372A15179E00708A15 = {
			isa = PBXGroup;
			children = (
				C9CFFE422A15179E00708A15 /* eUberUI */,
				C9CFFE592A1517A200708A15 /* eUberUITests */,
				C9CFFE632A1517A300708A15 /* eUberUIUITests */,
				C9CFFE412A15179E00708A15 /* Products */,
			);
			sourceTree = "<group>";
		};
		C9CFFE412A15179E00708A15 /* Products */ = {
			isa = PBXGroup;
			children = (
				C9CFFE402A15179E00708A15 /* eUberUI.app */,
				C9CFFE562A1517A200708A15 /* eUberUITests.xctest */,
				C9CFFE602A1517A300708A15 /* eUberUIUITests.xctest */,
			);
			name = Products;
			sourceTree = "<group>";
		};
		C9CFFE422A15179E00708A15 /* eUberUI */ = {
			isa = PBXGroup;
			children = (
				C9CFFE792A151CB800708A15 /* App */,
				C9CFFE782A151CB700708A15 /* Core */,
				C9CFFE772A151CB500708A15 /* Extensions */,
				C9CFFE742A151CAC00708A15 /* Models */,
				C9CFFE732A151C9500708A15 /* Managers */,
				C9CFFE472A1517A200708A15 /* Assets.xcassets */,
				C9CFFE512A1517A200708A15 /* Info.plist */,
				C9CFFE4E2A1517A200708A15 /* eUberUI.xcdatamodeld */,
				C9CFFE492A1517A200708A15 /* Preview Content */,
			);
			path = eUberUI;
			sourceTree = "<group>";
		};
		C9CFFE492A1517A200708A15 /* Preview Content */ = {
			isa = PBXGroup;
			children = (
				C9CFFE4A2A1517A200708A15 /* Preview Assets.xcassets */,
			);
			path = "Preview Content";
			sourceTree = "<group>";
		};
		C9CFFE592A1517A200708A15 /* eUberUITests */ = {
			isa = PBXGroup;
			children = (
				C9CFFE5A2A1517A200708A15 /* eUberUITests.swift */,
			);
			path = eUberUITests;
			sourceTree = "<group>";
		};
		C9CFFE632A1517A300708A15 /* eUberUIUITests */ = {
			isa = PBXGroup;
			children = (
				C9CFFE642A1517A300708A15 /* eUberUIUITests.swift */,
				C9CFFE662A1517A300708A15 /* eUberUIUITestsLaunchTests.swift */,
			);
			path = eUberUIUITests;
			sourceTree = "<group>";
		};
		C9CFFE732A151C9500708A15 /* Managers */ = {
			isa = PBXGroup;
			children = (
				C9CFFE802A151F7400708A15 /* LocationManager.swift */,
			);
			path = Managers;
			sourceTree = "<group>";
		};
		C9CFFE742A151CAC00708A15 /* Models */ = {
			isa = PBXGroup;
			children = (
				C97221BC2A169FD40014EABA /* MapViewState.swift */,
				C9AA5E752A1C113E00824737 /* RideType.swift */,
			);
			path = Models;
			sourceTree = "<group>";
		};
		C9CFFE772A151CB500708A15 /* Extensions */ = {
			isa = PBXGroup;
			children = (
			);
			path = Extensions;
			sourceTree = "<group>";
		};
		C9CFFE782A151CB700708A15 /* Core */ = {
			isa = PBXGroup;
			children = (
				C91BB1412A16BD9D00C0B971 /* Trips */,
				C9CFFE832A153D3E00708A15 /* LocationSearch */,
				C9CFFE822A153D3400708A15 /* Home */,
			);
			path = Core;
			sourceTree = "<group>";
		};
		C9CFFE792A151CB800708A15 /* App */ = {
			isa = PBXGroup;
			children = (
				C9CFFE432A15179E00708A15 /* eUberUIApp.swift */,
			);
			path = App;
			sourceTree = "<group>";
		};
		C9CFFE7A2A151D0400708A15 /* ViewModel */ = {
			isa = PBXGroup;
			children = (
			);
			path = ViewModel;
			sourceTree = "<group>";
		};
		C9CFFE7B2A151D0C00708A15 /* View */ = {
			isa = PBXGroup;
			children = (
				C9CFFE7C2A151D2400708A15 /* HomeView.swift */,
				C9CFFE7E2A151D9000708A15 /* UberMapViewRepresentable.swift */,
				C9CFFE882A153FA800708A15 /* MapViewActionButton.swift */,
			);
			path = View;
			sourceTree = "<group>";
		};
		C9CFFE822A153D3400708A15 /* Home */ = {
			isa = PBXGroup;
			children = (
				C9CFFE7B2A151D0C00708A15 /* View */,
				C9CFFE7A2A151D0400708A15 /* ViewModel */,
			);
			path = Home;
			sourceTree = "<group>";
		};
		C9CFFE832A153D3E00708A15 /* LocationSearch */ = {
			isa = PBXGroup;
			children = (
				C9CFFE852A153D5200708A15 /* ViewModel */,
				C9CFFE842A153D4D00708A15 /* View */,
			);
			path = LocationSearch;
			sourceTree = "<group>";
		};
		C9CFFE842A153D4D00708A15 /* View */ = {
			isa = PBXGroup;
			children = (
				C9CFFE862A153D7500708A15 /* LocationSearchActivationView.swift */,
				C9CFFE8A2A15410900708A15 /* LocationSearchView.swift */,
				C9CFFE8C2A15447800708A15 /* LocationSearchResultCell.swift */,
			);
			path = View;
			sourceTree = "<group>";
		};
		C9CFFE852A153D5200708A15 /* ViewModel */ = {
			isa = PBXGroup;
			children = (
				C9CFFE8E2A154F1900708A15 /* LocationSearchViewModel.swift */,
			);
			path = ViewModel;
			sourceTree = "<group>";
		};
/* End PBXGroup section */

/* Begin PBXNativeTarget section */
		C9CFFE3F2A15179E00708A15 /* eUberUI */ = {
			isa = PBXNativeTarget;
			buildConfigurationList = C9CFFE6A2A1517A300708A15 /* Build configuration list for PBXNativeTarget "eUberUI" */;
			buildPhases = (
				C9CFFE3C2A15179E00708A15 /* Sources */,
				C9CFFE3D2A15179E00708A15 /* Frameworks */,
				C9CFFE3E2A15179E00708A15 /* Resources */,
			);
			buildRules = (
			);
			dependencies = (
			);
			name = eUberUI;
			productName = MarvelUI;
			productReference = C9CFFE402A15179E00708A15 /* eUberUI.app */;
			productType = "com.apple.product-type.application";
		};
		C9CFFE552A1517A200708A15 /* eUberUITests */ = {
			isa = PBXNativeTarget;
			buildConfigurationList = C9CFFE6D2A1517A300708A15 /* Build configuration list for PBXNativeTarget "eUberUITests" */;
			buildPhases = (
				C9CFFE522A1517A200708A15 /* Sources */,
				C9CFFE532A1517A200708A15 /* Frameworks */,
				C9CFFE542A1517A200708A15 /* Resources */,
			);
			buildRules = (
			);
			dependencies = (
				C9CFFE582A1517A200708A15 /* PBXTargetDependency */,
			);
			name = eUberUITests;
			productName = MarvelUITests;
			productReference = C9CFFE562A1517A200708A15 /* eUberUITests.xctest */;
			productType = "com.apple.product-type.bundle.unit-test";
		};
		C9CFFE5F2A1517A300708A15 /* eUberUIUITests */ = {
			isa = PBXNativeTarget;
			buildConfigurationList = C9CFFE702A1517A300708A15 /* Build configuration list for PBXNativeTarget "eUberUIUITests" */;
			buildPhases = (
				C9CFFE5C2A1517A300708A15 /* Sources */,
				C9CFFE5D2A1517A300708A15 /* Frameworks */,
				C9CFFE5E2A1517A300708A15 /* Resources */,
			);
			buildRules = (
			);
			dependencies = (
				C9CFFE622A1517A300708A15 /* PBXTargetDependency */,
			);
			name = eUberUIUITests;
			productName = MarvelUIUITests;
			productReference = C9CFFE602A1517A300708A15 /* eUberUIUITests.xctest */;
			productType = "com.apple.product-type.bundle.ui-testing";
		};
/* End PBXNativeTarget section */

/* Begin PBXProject section */
		C9CFFE382A15179E00708A15 /* Project object */ = {
			isa = PBXProject;
			attributes = {
				BuildIndependentTargetsInParallel = 1;
				LastSwiftUpdateCheck = 1430;
				LastUpgradeCheck = 1430;
				TargetAttributes = {
					C9CFFE3F2A15179E00708A15 = {
						CreatedOnToolsVersion = 14.3;
					};
					C9CFFE552A1517A200708A15 = {
						CreatedOnToolsVersion = 14.3;
						TestTargetID = C9CFFE3F2A15179E00708A15;
					};
					C9CFFE5F2A1517A300708A15 = {
						CreatedOnToolsVersion = 14.3;
						TestTargetID = C9CFFE3F2A15179E00708A15;
					};
				};
			};
			buildConfigurationList = C9CFFE3B2A15179E00708A15 /* Build configuration list for PBXProject "eUberUI" */;
			compatibilityVersion = "Xcode 14.0";
			developmentRegion = en;
			hasScannedForEncodings = 0;
			knownRegions = (
				en,
				Base,
			);
			mainGroup = C9CFFE372A15179E00708A15;
			productRefGroup = C9CFFE412A15179E00708A15 /* Products */;
			projectDirPath = "";
			projectRoot = "";
			targets = (
				C9CFFE3F2A15179E00708A15 /* eUberUI */,
				C9CFFE552A1517A200708A15 /* eUberUITests */,
				C9CFFE5F2A1517A300708A15 /* eUberUIUITests */,
			);
		};
/* End PBXProject section */

/* Begin PBXResourcesBuildPhase section */
		C9CFFE3E2A15179E00708A15 /* Resources */ = {
			isa = PBXResourcesBuildPhase;
			buildActionMask = 2147483647;
			files = (
				C9CFFE4B2A1517A200708A15 /* Preview Assets.xcassets in Resources */,
				C9CFFE482A1517A200708A15 /* Assets.xcassets in Resources */,
			);
			runOnlyForDeploymentPostprocessing = 0;
		};
		C9CFFE542A1517A200708A15 /* Resources */ = {
			isa = PBXResourcesBuildPhase;
			buildActionMask = 2147483647;
			files = (
			);
			runOnlyForDeploymentPostprocessing = 0;
		};
		C9CFFE5E2A1517A300708A15 /* Resources */ = {
			isa = PBXResourcesBuildPhase;
			buildActionMask = 2147483647;
			files = (
			);
			runOnlyForDeploymentPostprocessing = 0;
		};
/* End PBXResourcesBuildPhase section */

/* Begin PBXSourcesBuildPhase section */
		C9CFFE3C2A15179E00708A15 /* Sources */ = {
			isa = PBXSourcesBuildPhase;
			buildActionMask = 2147483647;
			files = (
				C9CFFE8B2A15410900708A15 /* LocationSearchView.swift in Sources */,
				C9AA5E762A1C113E00824737 /* RideType.swift in Sources */,
				C9CFFE7D2A151D2400708A15 /* HomeView.swift in Sources */,
				C9CFFE812A151F7400708A15 /* LocationManager.swift in Sources */,
				C9CFFE502A1517A200708A15 /* eUberUI.xcdatamodeld in Sources */,
				C9CFFE8F2A154F1900708A15 /* LocationSearchViewModel.swift in Sources */,
				C97221BD2A169FD40014EABA /* MapViewState.swift in Sources */,
				C9CFFE8D2A15447800708A15 /* LocationSearchResultCell.swift in Sources */,
				C9CFFE442A15179E00708A15 /* eUberUIApp.swift in Sources */,
				C91BB1442A16BDC000C0B971 /* RideRequestView.swift in Sources */,
				C9CFFE7F2A151D9000708A15 /* UberMapViewRepresentable.swift in Sources */,
				C9CFFE872A153D7500708A15 /* LocationSearchActivationView.swift in Sources */,
				C9CFFE892A153FA800708A15 /* MapViewActionButton.swift in Sources */,
			);
			runOnlyForDeploymentPostprocessing = 0;
		};
		C9CFFE522A1517A200708A15 /* Sources */ = {
			isa = PBXSourcesBuildPhase;
			buildActionMask = 2147483647;
			files = (
				C9CFFE5B2A1517A200708A15 /* eUberUITests.swift in Sources */,
			);
			runOnlyForDeploymentPostprocessing = 0;
		};
		C9CFFE5C2A1517A300708A15 /* Sources */ = {
			isa = PBXSourcesBuildPhase;
			buildActionMask = 2147483647;
			files = (
				C9CFFE672A1517A300708A15 /* eUberUIUITestsLaunchTests.swift in Sources */,
				C9CFFE652A1517A300708A15 /* eUberUIUITests.swift in Sources */,
			);
			runOnlyForDeploymentPostprocessing = 0;
		};
/* End PBXSourcesBuildPhase section */

/* Begin PBXTargetDependency section */
		C9CFFE582A1517A200708A15 /* PBXTargetDependency */ = {
			isa = PBXTargetDependency;
			target = C9CFFE3F2A15179E00708A15 /* eUberUI */;
			targetProxy = C9CFFE572A1517A200708A15 /* PBXContainerItemProxy */;
		};
		C9CFFE622A1517A300708A15 /* PBXTargetDependency */ = {
			isa = PBXTargetDependency;
			target = C9CFFE3F2A15179E00708A15 /* eUberUI */;
			targetProxy = C9CFFE612A1517A300708A15 /* PBXContainerItemProxy */;
		};
/* End PBXTargetDependency section */

/* Begin XCBuildConfiguration section */
		C9CFFE682A1517A300708A15 /* Debug */ = {
			isa = XCBuildConfiguration;
			buildSettings = {
				ALWAYS_SEARCH_USER_PATHS = NO;
				CLANG_ANALYZER_NONNULL = YES;
				CLANG_ANALYZER_NUMBER_OBJECT_CONVERSION = YES_AGGRESSIVE;
				CLANG_CXX_LANGUAGE_STANDARD = "gnu++20";
				CLANG_ENABLE_MODULES = YES;
				CLANG_ENABLE_OBJC_ARC = YES;
				CLANG_ENABLE_OBJC_WEAK = YES;
				CLANG_WARN_BLOCK_CAPTURE_AUTORELEASING = YES;
				CLANG_WARN_BOOL_CONVERSION = YES;
				CLANG_WARN_COMMA = YES;
				CLANG_WARN_CONSTANT_CONVERSION = YES;
				CLANG_WARN_DEPRECATED_OBJC_IMPLEMENTATIONS = YES;
				CLANG_WARN_DIRECT_OBJC_ISA_USAGE = YES_ERROR;
				CLANG_WARN_DOCUMENTATION_COMMENTS = YES;
				CLANG_WARN_EMPTY_BODY = YES;
				CLANG_WARN_ENUM_CONVERSION = YES;
				CLANG_WARN_INFINITE_RECURSION = YES;
				CLANG_WARN_INT_CONVERSION = YES;
				CLANG_WARN_NON_LITERAL_NULL_CONVERSION = YES;
				CLANG_WARN_OBJC_IMPLICIT_RETAIN_SELF = YES;
				CLANG_WARN_OBJC_LITERAL_CONVERSION = YES;
				CLANG_WARN_OBJC_ROOT_CLASS = YES_ERROR;
				CLANG_WARN_QUOTED_INCLUDE_IN_FRAMEWORK_HEADER = YES;
				CLANG_WARN_RANGE_LOOP_ANALYSIS = YES;
				CLANG_WARN_STRICT_PROTOTYPES = YES;
				CLANG_WARN_SUSPICIOUS_MOVE = YES;
				CLANG_WARN_UNGUARDED_AVAILABILITY = YES_AGGRESSIVE;
				CLANG_WARN_UNREACHABLE_CODE = YES;
				CLANG_WARN__DUPLICATE_METHOD_MATCH = YES;
				COPY_PHASE_STRIP = NO;
				DEBUG_INFORMATION_FORMAT = dwarf;
				ENABLE_STRICT_OBJC_MSGSEND = YES;
				ENABLE_TESTABILITY = YES;
				GCC_C_LANGUAGE_STANDARD = gnu11;
				GCC_DYNAMIC_NO_PIC = NO;
				GCC_NO_COMMON_BLOCKS = YES;
				GCC_OPTIMIZATION_LEVEL = 0;
				GCC_PREPROCESSOR_DEFINITIONS = (
					"DEBUG=1",
					"$(inherited)",
				);
				GCC_WARN_64_TO_32_BIT_CONVERSION = YES;
				GCC_WARN_ABOUT_RETURN_TYPE = YES_ERROR;
				GCC_WARN_UNDECLARED_SELECTOR = YES;
				GCC_WARN_UNINITIALIZED_AUTOS = YES_AGGRESSIVE;
				GCC_WARN_UNUSED_FUNCTION = YES;
				GCC_WARN_UNUSED_VARIABLE = YES;
				IPHONEOS_DEPLOYMENT_TARGET = 16.4;
				MTL_ENABLE_DEBUG_INFO = INCLUDE_SOURCE;
				MTL_FAST_MATH = YES;
				ONLY_ACTIVE_ARCH = YES;
				SDKROOT = iphoneos;
				SWIFT_ACTIVE_COMPILATION_CONDITIONS = DEBUG;
				SWIFT_OPTIMIZATION_LEVEL = "-Onone";
			};
			name = Debug;
		};
		C9CFFE692A1517A300708A15 /* Release */ = {
			isa = XCBuildConfiguration;
			buildSettings = {
				ALWAYS_SEARCH_USER_PATHS = NO;
				CLANG_ANALYZER_NONNULL = YES;
				CLANG_ANALYZER_NUMBER_OBJECT_CONVERSION = YES_AGGRESSIVE;
				CLANG_CXX_LANGUAGE_STANDARD = "gnu++20";
				CLANG_ENABLE_MODULES = YES;
				CLANG_ENABLE_OBJC_ARC = YES;
				CLANG_ENABLE_OBJC_WEAK = YES;
				CLANG_WARN_BLOCK_CAPTURE_AUTORELEASING = YES;
				CLANG_WARN_BOOL_CONVERSION = YES;
				CLANG_WARN_COMMA = YES;
				CLANG_WARN_CONSTANT_CONVERSION = YES;
				CLANG_WARN_DEPRECATED_OBJC_IMPLEMENTATIONS = YES;
				CLANG_WARN_DIRECT_OBJC_ISA_USAGE = YES_ERROR;
				CLANG_WARN_DOCUMENTATION_COMMENTS = YES;
				CLANG_WARN_EMPTY_BODY = YES;
				CLANG_WARN_ENUM_CONVERSION = YES;
				CLANG_WARN_INFINITE_RECURSION = YES;
				CLANG_WARN_INT_CONVERSION = YES;
				CLANG_WARN_NON_LITERAL_NULL_CONVERSION = YES;
				CLANG_WARN_OBJC_IMPLICIT_RETAIN_SELF = YES;
				CLANG_WARN_OBJC_LITERAL_CONVERSION = YES;
				CLANG_WARN_OBJC_ROOT_CLASS = YES_ERROR;
				CLANG_WARN_QUOTED_INCLUDE_IN_FRAMEWORK_HEADER = YES;
				CLANG_WARN_RANGE_LOOP_ANALYSIS = YES;
				CLANG_WARN_STRICT_PROTOTYPES = YES;
				CLANG_WARN_SUSPICIOUS_MOVE = YES;
				CLANG_WARN_UNGUARDED_AVAILABILITY = YES_AGGRESSIVE;
				CLANG_WARN_UNREACHABLE_CODE = YES;
				CLANG_WARN__DUPLICATE_METHOD_MATCH = YES;
				COPY_PHASE_STRIP = NO;
				DEBUG_INFORMATION_FORMAT = "dwarf-with-dsym";
				ENABLE_NS_ASSERTIONS = NO;
				ENABLE_STRICT_OBJC_MSGSEND = YES;
				GCC_C_LANGUAGE_STANDARD = gnu11;
				GCC_NO_COMMON_BLOCKS = YES;
				GCC_WARN_64_TO_32_BIT_CONVERSION = YES;
				GCC_WARN_ABOUT_RETURN_TYPE = YES_ERROR;
				GCC_WARN_UNDECLARED_SELECTOR = YES;
				GCC_WARN_UNINITIALIZED_AUTOS = YES_AGGRESSIVE;
				GCC_WARN_UNUSED_FUNCTION = YES;
				GCC_WARN_UNUSED_VARIABLE = YES;
				IPHONEOS_DEPLOYMENT_TARGET = 16.4;
				MTL_ENABLE_DEBUG_INFO = NO;
				MTL_FAST_MATH = YES;
				SDKROOT = iphoneos;
				SWIFT_COMPILATION_MODE = wholemodule;
				SWIFT_OPTIMIZATION_LEVEL = "-O";
				VALIDATE_PRODUCT = YES;
			};
			name = Release;
		};
		C9CFFE6B2A1517A300708A15 /* Debug */ = {
			isa = XCBuildConfiguration;
			buildSettings = {
				ASSETCATALOG_COMPILER_APPICON_NAME = AppIcon;
				ASSETCATALOG_COMPILER_GLOBAL_ACCENT_COLOR_NAME = AccentColor;
				CODE_SIGN_STYLE = Automatic;
				CURRENT_PROJECT_VERSION = 1;
				DEVELOPMENT_ASSET_PATHS = "\"eUberUI/Preview Content\"";
				DEVELOPMENT_TEAM = 76WUJ9PUX7;
				ENABLE_PREVIEWS = YES;
				GENERATE_INFOPLIST_FILE = YES;
				INFOPLIST_FILE = eUberUI/Info.plist;
				INFOPLIST_KEY_CFBundleDisplayName = eUberUI;
				INFOPLIST_KEY_NSLocationWhenInUseUsageDescription = "Please, we need your permission o provide our services";
				INFOPLIST_KEY_UIApplicationSceneManifest_Generation = YES;
				INFOPLIST_KEY_UIApplicationSupportsIndirectInputEvents = YES;
				INFOPLIST_KEY_UILaunchScreen_Generation = YES;
				INFOPLIST_KEY_UISupportedInterfaceOrientations_iPad = "UIInterfaceOrientationPortrait UIInterfaceOrientationPortraitUpsideDown UIInterfaceOrientationLandscapeLeft UIInterfaceOrientationLandscapeRight";
				INFOPLIST_KEY_UISupportedInterfaceOrientations_iPhone = "UIInterfaceOrientationPortrait UIInterfaceOrientationLandscapeLeft UIInterfaceOrientationLandscapeRight";
				IPHONEOS_DEPLOYMENT_TARGET = 16.0;
				LD_RUNPATH_SEARCH_PATHS = (
					"$(inherited)",
					"@executable_path/Frameworks",
				);
				MARKETING_VERSION = 1.0;
				PRODUCT_BUNDLE_IDENTIFIER = samples.projects.swiftUI.eUberUI;
				PRODUCT_NAME = "$(TARGET_NAME)";
				SWIFT_EMIT_LOC_STRINGS = YES;
				SWIFT_VERSION = 5.0;
				TARGETED_DEVICE_FAMILY = "1,2";
			};
			name = Debug;
		};
		C9CFFE6C2A1517A300708A15 /* Release */ = {
			isa = XCBuildConfiguration;
			buildSettings = {
				ASSETCATALOG_COMPILER_APPICON_NAME = AppIcon;
				ASSETCATALOG_COMPILER_GLOBAL_ACCENT_COLOR_NAME = AccentColor;
				CODE_SIGN_STYLE = Automatic;
				CURRENT_PROJECT_VERSION = 1;
				DEVELOPMENT_ASSET_PATHS = "\"eUberUI/Preview Content\"";
				DEVELOPMENT_TEAM = 76WUJ9PUX7;
				ENABLE_PREVIEWS = YES;
				GENERATE_INFOPLIST_FILE = YES;
				INFOPLIST_FILE = eUberUI/Info.plist;
				INFOPLIST_KEY_CFBundleDisplayName = eUberUI;
				INFOPLIST_KEY_NSLocationWhenInUseUsageDescription = "Please, we need your permission o provide our services";
				INFOPLIST_KEY_UIApplicationSceneManifest_Generation = YES;
				INFOPLIST_KEY_UIApplicationSupportsIndirectInputEvents = YES;
				INFOPLIST_KEY_UILaunchScreen_Generation = YES;
				INFOPLIST_KEY_UISupportedInterfaceOrientations_iPad = "UIInterfaceOrientationPortrait UIInterfaceOrientationPortraitUpsideDown UIInterfaceOrientationLandscapeLeft UIInterfaceOrientationLandscapeRight";
				INFOPLIST_KEY_UISupportedInterfaceOrientations_iPhone = "UIInterfaceOrientationPortrait UIInterfaceOrientationLandscapeLeft UIInterfaceOrientationLandscapeRight";
				IPHONEOS_DEPLOYMENT_TARGET = 16.0;
				LD_RUNPATH_SEARCH_PATHS = (
					"$(inherited)",
					"@executable_path/Frameworks",
				);
				MARKETING_VERSION = 1.0;
				PRODUCT_BUNDLE_IDENTIFIER = samples.projects.swiftUI.eUberUI;
				PRODUCT_NAME = "$(TARGET_NAME)";
				SWIFT_EMIT_LOC_STRINGS = YES;
				SWIFT_VERSION = 5.0;
				TARGETED_DEVICE_FAMILY = "1,2";
			};
			name = Release;
		};
		C9CFFE6E2A1517A300708A15 /* Debug */ = {
			isa = XCBuildConfiguration;
			buildSettings = {
				ALWAYS_EMBED_SWIFT_STANDARD_LIBRARIES = YES;
				BUNDLE_LOADER = "$(TEST_HOST)";
				CODE_SIGN_STYLE = Automatic;
				CURRENT_PROJECT_VERSION = 1;
				DEVELOPMENT_TEAM = 76WUJ9PUX7;
				GENERATE_INFOPLIST_FILE = YES;
				IPHONEOS_DEPLOYMENT_TARGET = 16.4;
				MARKETING_VERSION = 1.0;
				PRODUCT_BUNDLE_IDENTIFIER = samples.projects.swiftUI.MarvelUITests;
				PRODUCT_NAME = "$(TARGET_NAME)";
				SWIFT_EMIT_LOC_STRINGS = NO;
				SWIFT_VERSION = 5.0;
				TARGETED_DEVICE_FAMILY = "1,2";
				TEST_HOST = "$(BUILT_PRODUCTS_DIR)/eUberUI.app/$(BUNDLE_EXECUTABLE_FOLDER_PATH)/eUberUI";
			};
			name = Debug;
		};
		C9CFFE6F2A1517A300708A15 /* Release */ = {
			isa = XCBuildConfiguration;
			buildSettings = {
				ALWAYS_EMBED_SWIFT_STANDARD_LIBRARIES = YES;
				BUNDLE_LOADER = "$(TEST_HOST)";
				CODE_SIGN_STYLE = Automatic;
				CURRENT_PROJECT_VERSION = 1;
				DEVELOPMENT_TEAM = 76WUJ9PUX7;
				GENERATE_INFOPLIST_FILE = YES;
				IPHONEOS_DEPLOYMENT_TARGET = 16.4;
				MARKETING_VERSION = 1.0;
				PRODUCT_BUNDLE_IDENTIFIER = samples.projects.swiftUI.MarvelUITests;
				PRODUCT_NAME = "$(TARGET_NAME)";
				SWIFT_EMIT_LOC_STRINGS = NO;
				SWIFT_VERSION = 5.0;
				TARGETED_DEVICE_FAMILY = "1,2";
				TEST_HOST = "$(BUILT_PRODUCTS_DIR)/eUberUI.app/$(BUNDLE_EXECUTABLE_FOLDER_PATH)/eUberUI";
			};
			name = Release;
		};
		C9CFFE712A1517A300708A15 /* Debug */ = {
			isa = XCBuildConfiguration;
			buildSettings = {
				ALWAYS_EMBED_SWIFT_STANDARD_LIBRARIES = YES;
				CODE_SIGN_STYLE = Automatic;
				CURRENT_PROJECT_VERSION = 1;
				DEVELOPMENT_TEAM = 76WUJ9PUX7;
				GENERATE_INFOPLIST_FILE = YES;
				MARKETING_VERSION = 1.0;
				PRODUCT_BUNDLE_IDENTIFIER = samples.projects.swiftUI.MarvelUIUITests;
				PRODUCT_NAME = "$(TARGET_NAME)";
				SWIFT_EMIT_LOC_STRINGS = NO;
				SWIFT_VERSION = 5.0;
				TARGETED_DEVICE_FAMILY = "1,2";
				TEST_TARGET_NAME = MarvelUI;
			};
			name = Debug;
		};
		C9CFFE722A1517A300708A15 /* Release */ = {
			isa = XCBuildConfiguration;
			buildSettings = {
				ALWAYS_EMBED_SWIFT_STANDARD_LIBRARIES = YES;
				CODE_SIGN_STYLE = Automatic;
				CURRENT_PROJECT_VERSION = 1;
				DEVELOPMENT_TEAM = 76WUJ9PUX7;
				GENERATE_INFOPLIST_FILE = YES;
				MARKETING_VERSION = 1.0;
				PRODUCT_BUNDLE_IDENTIFIER = samples.projects.swiftUI.MarvelUIUITests;
				PRODUCT_NAME = "$(TARGET_NAME)";
				SWIFT_EMIT_LOC_STRINGS = NO;
				SWIFT_VERSION = 5.0;
				TARGETED_DEVICE_FAMILY = "1,2";
				TEST_TARGET_NAME = MarvelUI;
			};
			name = Release;
		};
/* End XCBuildConfiguration section */

/* Begin XCConfigurationList section */
		C9CFFE3B2A15179E00708A15 /* Build configuration list for PBXProject "eUberUI" */ = {
			isa = XCConfigurationList;
			buildConfigurations = (
				C9CFFE682A1517A300708A15 /* Debug */,
				C9CFFE692A1517A300708A15 /* Release */,
			);
			defaultConfigurationIsVisible = 0;
			defaultConfigurationName = Release;
		};
		C9CFFE6A2A1517A300708A15 /* Build configuration list for PBXNativeTarget "eUberUI" */ = {
			isa = XCConfigurationList;
			buildConfigurations = (
				C9CFFE6B2A1517A300708A15 /* Debug */,
				C9CFFE6C2A1517A300708A15 /* Release */,
			);
			defaultConfigurationIsVisible = 0;
			defaultConfigurationName = Release;
		};
		C9CFFE6D2A1517A300708A15 /* Build configuration list for PBXNativeTarget "eUberUITests" */ = {
			isa = XCConfigurationList;
			buildConfigurations = (
				C9CFFE6E2A1517A300708A15 /* Debug */,
				C9CFFE6F2A1517A300708A15 /* Release */,
			);
			defaultConfigurationIsVisible = 0;
			defaultConfigurationName = Release;
		};
		C9CFFE702A1517A300708A15 /* Build configuration list for PBXNativeTarget "eUberUIUITests" */ = {
			isa = XCConfigurationList;
			buildConfigurations = (
				C9CFFE712A1517A300708A15 /* Debug */,
				C9CFFE722A1517A300708A15 /* Release */,
			);
			defaultConfigurationIsVisible = 0;
			defaultConfigurationName = Release;
		};
/* End XCConfigurationList section */

/* Begin XCVersionGroup section */
		C9CFFE4E2A1517A200708A15 /* eUberUI.xcdatamodeld */ = {
			isa = XCVersionGroup;
			children = (
				C9CFFE4F2A1517A200708A15 /* MarvelUI.xcdatamodel */,
			);
			currentVersion = C9CFFE4F2A1517A200708A15 /* MarvelUI.xcdatamodel */;
			path = eUberUI.xcdatamodeld;
			sourceTree = "<group>";
			versionGroupType = wrapper.xcdatamodel;
		};
/* End XCVersionGroup section */
	};
	rootObject = C9CFFE382A15179E00708A15 /* Project object */;
}
